
Microsoft Visual Studio Solution File, Format Version 12.00
# Visual Studio 2013
VisualStudioVersion = 12.0.21005.1
MinimumVisualStudioVersion = 10.0.40219.1
Project("{FAE04EC0-301F-11D3-BF4B-00C04F79EFBC}") = "Bars.KP50.Report", "..\..\Bars.KP50.Report\Bars.KP50.Report.csproj", "{9932DA32-9B1B-4FB2-BD7F-8D457ADE13D7}"
EndProject
Project("{FAE04EC0-301F-11D3-BF4B-00C04F79EFBC}") = "Bars.KP50.Report.Astra", "..\..\Bars.KP50.Report.Astra\Bars.KP50.Report.Astra.csproj", "{FA06E7AC-51C1-4127-BC12-DEB8019A333C}"
EndProject
Project("{FAE04EC0-301F-11D3-BF4B-00C04F79EFBC}") = "Bars.KP50.Report.Handlers", "..\..\Bars.KP50.Report.Handlers\Bars.KP50.Report.Handlers.csproj", "{EDB50B07-D0B6-4186-8F3B-6FC42164E206}"
EndProject
Project("{FAE04EC0-301F-11D3-BF4B-00C04F79EFBC}") = "Bars.KP50.Report.Kapr", "..\..\Bars.KP50.Report.Kapr\Bars.KP50.Report.Kapr.csproj", "{4ABA6E97-BBA1-4AD6-A9ED-B66C8E3E54F3}"
EndProject
Project("{FAE04EC0-301F-11D3-BF4B-00C04F79EFBC}") = "Bars.KP50.Report.Main", "..\..\Bars.KP50.Report.Main\Bars.KP50.Report.Main.csproj", "{E8A9CD44-F53F-4913-9B53-63098A152231}"
EndProject
Project("{FAE04EC0-301F-11D3-BF4B-00C04F79EFBC}") = "Bars.KP50.Report.RSO", "..\..\Bars.KP50.Report.RSO\Bars.KP50.Report.RSO.csproj", "{27007A9C-790C-4999-B912-6180E885509A}"
EndProject
Project("{FAE04EC0-301F-11D3-BF4B-00C04F79EFBC}") = "Bars.KP50.Report.RT", "..\..\Bars.KP50.Report.RT\Bars.KP50.Report.RT.csproj", "{B46B2C7B-E1C0-4C01-B175-60900986E9E3}"
EndProject
Project("{FAE04EC0-301F-11D3-BF4B-00C04F79EFBC}") = "Bars.KP50.Report.Samara", "..\..\Bars.KP50.Report.Samara\Bars.KP50.Report.Samara.csproj", "{085D4230-7543-4842-A82E-5AAC0C5E9F45}"
EndProject
Project("{FAE04EC0-301F-11D3-BF4B-00C04F79EFBC}") = "Bars.KP50.Report.TatEnergo", "..\..\Bars.KP50.Report.TatEnergo\Bars.KP50.Report.TatEnergo.csproj", "{1216F2DB-B73E-4564-9FD0-C4F7EDCB96E2}"
EndProject
Project("{FAE04EC0-301F-11D3-BF4B-00C04F79EFBC}") = "Bars.KP50.Report.Tula", "..\..\Bars.KP50.Report.Tula\Bars.KP50.Report.Tula.csproj", "{FB9E151A-ADDA-4981-BB26-A42F85C1DA67}"
EndProject
Project("{FAE04EC0-301F-11D3-BF4B-00C04F79EFBC}") = "Bars.KP50.Utils", "..\..\Bars.KP50.Utils\Bars.KP50.Utils.csproj", "{EE6F5A3B-8667-4FD3-8445-51B5EA6E4B57}"
EndProject
Project("{FAE04EC0-301F-11D3-BF4B-00C04F79EFBC}") = "Bars.KP50.CLI.Admin", "..\..\..\Admin\Bars.KP50.CLI.Admin\Bars.KP50.CLI.Admin.csproj", "{699FD7DC-5C99-4036-998E-A8B9AB62DBF3}"
EndProject
Project("{FAE04EC0-301F-11D3-BF4B-00C04F79EFBC}") = "Bars.KP50.CLI.Adres", "..\..\..\Adres\Bars.KP50.CLI.Adres\Bars.KP50.CLI.Adres.csproj", "{00370877-76CE-4C58-813D-6105B994EBAF}"
EndProject
Project("{FAE04EC0-301F-11D3-BF4B-00C04F79EFBC}") = "Bars.KP50.CLI.Sprav", "..\..\..\Sprav\Bars.KP50.CLI.Sprav\Bars.KP50.CLI.Sprav.csproj", "{B96681F0-0674-4123-89C4-C88930B12E21}"
EndProject
Project("{FAE04EC0-301F-11D3-BF4B-00C04F79EFBC}") = "Bars.KP50.Queue", "..\..\..\QUEUE\Bars.KP50.Queue\Bars.KP50.Queue.csproj", "{7BF53F1F-0A92-411E-BEE3-EE9B3EAD2890}"
EndProject
Project("{FAE04EC0-301F-11D3-BF4B-00C04F79EFBC}") = "Bars.QueueCore", "..\..\..\QUEUE\Bars.QueueCore\Bars.QueueCore.csproj", "{E7A6C85C-81E3-4CC0-A814-2CB94BCE6E23}"
EndProject
Project("{FAE04EC0-301F-11D3-BF4B-00C04F79EFBC}") = "STCLINE.KP50.Globals", "..\..\..\DATA\CLASS\GLOBALS\STCLINE.KP50.Globals.csproj", "{A09E0051-6B16-42B5-9840-8CB60B0729C7}"
EndProject
Project("{FAE04EC0-301F-11D3-BF4B-00C04F79EFBC}") = "STCLINE.KP50.IFMX.Client", "..\..\..\DATA\IFMX\Client\STCLINE.KP50.IFMX.Client.csproj", "{2AB80CEA-D131-4E93-9B35-8F86DD474080}"
EndProject
Project("{FAE04EC0-301F-11D3-BF4B-00C04F79EFBC}") = "STCLINE.KP50.IFMX.Common", "..\..\..\DATA\IFMX\Common\STCLINE.KP50.IFMX.Common.csproj", "{13FAA6D8-DA11-4392-BAD2-C1640C172E01}"
EndProject
Project("{FAE04EC0-301F-11D3-BF4B-00C04F79EFBC}") = "STCLINE.KP50.CliKart", "..\..\..\WCF\CLIENT\CliKart\STCLINE.KP50.CliKart.csproj", "{BB38A0BD-A169-4BD5-8756-7F8682F235D8}"
EndProject
Project("{FAE04EC0-301F-11D3-BF4B-00C04F79EFBC}") = "Bars.RabbitMq", "..\..\..\QUEUE\Bars.RabbitMq\Bars.RabbitMq.csproj", "{E4DF45A1-B371-4012-B305-802192E227EF}"
EndProject
Project("{FAE04EC0-301F-11D3-BF4B-00C04F79EFBC}") = "Bars.KP50.CLI.Report", "..\..\Bars.KP50.CLI.Report\Bars.KP50.CLI.Report.csproj", "{D79794EE-CFAA-4103-81B0-AB2FA8C16DFD}"
EndProject
Project("{FAE04EC0-301F-11D3-BF4B-00C04F79EFBC}") = "Bars.KP50.CLI.Exchange", "..\..\..\Exchange\Bars.KP50.CLI.Exchange\Bars.KP50.CLI.Exchange.csproj", "{F7A19A4D-9532-4792-BFA3-465A902B337E}"
EndProject
Project("{FAE04EC0-301F-11D3-BF4B-00C04F79EFBC}") = "Bars.KP50.CLI.Supg", "..\..\..\Supg\Bars.KP50.CLI.Supg\Bars.KP50.CLI.Supg.csproj", "{A2A78C22-9249-46D7-915C-251A71594269}"
EndProject
Project("{FAE04EC0-301F-11D3-BF4B-00C04F79EFBC}") = "Bars.KP50.CLI.DataImport", "..\..\..\DataImport\Bars.KP50.CLI.DataImport\Bars.KP50.CLI.DataImport.csproj", "{19F9E4B8-B08F-4951-B4B2-8B28A92F3480}"
EndProject
Project("{FAE04EC0-301F-11D3-BF4B-00C04F79EFBC}") = "Bars.KP50.CLI.Debitor", "..\..\..\Debitor\Bars.KP50.CLI.Debitor\Bars.KP50.CLI.Debitor.csproj", "{2BFBABE7-467C-4F78-BEDA-5975CD27AB5B}"
EndProject
Project("{FAE04EC0-301F-11D3-BF4B-00C04F79EFBC}") = "ReportAlone", "ReportAlone\ReportAlone.csproj", "{3885E9B4-3D9D-4BAF-81F2-300A94EE453D}"
EndProject
Global
	GlobalSection(TeamFoundationVersionControl) = preSolution
		SccNumberOfProjects = 26
		SccEnterpriseProvider = {4CA58AB2-18FA-4F8D-95D4-32DDF27D184C}
		SccTeamFoundationServer = http://tfs-app.bars-open.ru:8080/tfs/defaultcollection
		SccProjectUniqueName0 = ..\\..\\Bars.KP50.Report\\Bars.KP50.Report.csproj
		SccProjectName0 = ../../Bars.KP50.Report
		SccAuxPath0 = http://tfs-app.bars-open.ru:8080/tfs/defaultcollection
		SccLocalPath0 = ..\\..\\Bars.KP50.Report
		SccProvider0 = {4CA58AB2-18FA-4F8D-95D4-32DDF27D184C}
		SccProjectUniqueName1 = ..\\..\\Bars.KP50.Report.Astra\\Bars.KP50.Report.Astra.csproj
		SccProjectName1 = ../../Bars.KP50.Report.Astra
		SccAuxPath1 = http://tfs-app.bars-open.ru:8080/tfs/defaultcollection
		SccLocalPath1 = ..\\..\\Bars.KP50.Report.Astra
		SccProvider1 = {4CA58AB2-18FA-4F8D-95D4-32DDF27D184C}
		SccProjectUniqueName2 = ..\\..\\Bars.KP50.Report.Handlers\\Bars.KP50.Report.Handlers.csproj
		SccProjectName2 = ../../Bars.KP50.Report.Handlers
		SccAuxPath2 = http://tfs-app.bars-open.ru:8080/tfs/defaultcollection
		SccLocalPath2 = ..\\..\\Bars.KP50.Report.Handlers
		SccProvider2 = {4CA58AB2-18FA-4F8D-95D4-32DDF27D184C}
		SccProjectUniqueName3 = ..\\..\\Bars.KP50.Report.Kapr\\Bars.KP50.Report.Kapr.csproj
		SccProjectName3 = ../../Bars.KP50.Report.Kapr
		SccAuxPath3 = http://tfs-app.bars-open.ru:8080/tfs/defaultcollection
		SccLocalPath3 = ..\\..\\Bars.KP50.Report.Kapr
		SccProvider3 = {4CA58AB2-18FA-4F8D-95D4-32DDF27D184C}
		SccProjectUniqueName4 = ..\\..\\Bars.KP50.Report.Main\\Bars.KP50.Report.Main.csproj
		SccProjectName4 = ../../Bars.KP50.Report.Main
		SccAuxPath4 = http://tfs-app.bars-open.ru:8080/tfs/defaultcollection
		SccLocalPath4 = ..\\..\\Bars.KP50.Report.Main
		SccProvider4 = {4CA58AB2-18FA-4F8D-95D4-32DDF27D184C}
		SccProjectUniqueName5 = ..\\..\\Bars.KP50.Report.RSO\\Bars.KP50.Report.RSO.csproj
		SccProjectName5 = ../../Bars.KP50.Report.RSO
		SccAuxPath5 = http://tfs-app.bars-open.ru:8080/tfs/defaultcollection
		SccLocalPath5 = ..\\..\\Bars.KP50.Report.RSO
		SccProvider5 = {4CA58AB2-18FA-4F8D-95D4-32DDF27D184C}
		SccProjectUniqueName6 = ..\\..\\Bars.KP50.Report.RT\\Bars.KP50.Report.RT.csproj
		SccProjectName6 = ../../Bars.KP50.Report.RT
		SccAuxPath6 = http://tfs-app.bars-open.ru:8080/tfs/defaultcollection
		SccLocalPath6 = ..\\..\\Bars.KP50.Report.RT
		SccProvider6 = {4CA58AB2-18FA-4F8D-95D4-32DDF27D184C}
		SccProjectUniqueName7 = ..\\..\\Bars.KP50.Report.Samara\\Bars.KP50.Report.Samara.csproj
		SccProjectName7 = ../../Bars.KP50.Report.Samara
		SccAuxPath7 = http://tfs-app.bars-open.ru:8080/tfs/defaultcollection
		SccLocalPath7 = ..\\..\\Bars.KP50.Report.Samara
		SccProvider7 = {4CA58AB2-18FA-4F8D-95D4-32DDF27D184C}
		SccProjectUniqueName8 = ..\\..\\Bars.KP50.Report.TatEnergo\\Bars.KP50.Report.TatEnergo.csproj
		SccProjectName8 = ../../Bars.KP50.Report.TatEnergo
		SccAuxPath8 = http://tfs-app.bars-open.ru:8080/tfs/defaultcollection
		SccLocalPath8 = ..\\..\\Bars.KP50.Report.TatEnergo
		SccProvider8 = {4CA58AB2-18FA-4F8D-95D4-32DDF27D184C}
		SccProjectUniqueName9 = ..\\..\\Bars.KP50.Report.Tula\\Bars.KP50.Report.Tula.csproj
		SccProjectName9 = ../../Bars.KP50.Report.Tula
		SccAuxPath9 = http://tfs-app.bars-open.ru:8080/tfs/defaultcollection
		SccLocalPath9 = ..\\..\\Bars.KP50.Report.Tula
		SccProvider9 = {4CA58AB2-18FA-4F8D-95D4-32DDF27D184C}
		SccProjectUniqueName10 = ..\\..\\Bars.KP50.Utils\\Bars.KP50.Utils.csproj
		SccProjectName10 = ../../Bars.KP50.Utils
		SccAuxPath10 = http://tfs-app.bars-open.ru:8080/tfs/defaultcollection
		SccLocalPath10 = ..\\..\\Bars.KP50.Utils
		SccProvider10 = {4CA58AB2-18FA-4F8D-95D4-32DDF27D184C}
		SccProjectUniqueName11 = ..\\..\\..\\Admin\\Bars.KP50.CLI.Admin\\Bars.KP50.CLI.Admin.csproj
		SccProjectName11 = ../../../Admin/Bars.KP50.CLI.Admin
		SccAuxPath11 = http://tfs-app.bars-open.ru:8080/tfs/defaultcollection
		SccLocalPath11 = ..\\..\\..\\Admin\\Bars.KP50.CLI.Admin
		SccProvider11 = {4CA58AB2-18FA-4F8D-95D4-32DDF27D184C}
		SccProjectUniqueName12 = ..\\..\\..\\Adres\\Bars.KP50.CLI.Adres\\Bars.KP50.CLI.Adres.csproj
		SccProjectName12 = ../../../Adres/Bars.KP50.CLI.Adres
		SccAuxPath12 = http://tfs-app.bars-open.ru:8080/tfs/defaultcollection
		SccLocalPath12 = ..\\..\\..\\Adres\\Bars.KP50.CLI.Adres
		SccProvider12 = {4CA58AB2-18FA-4F8D-95D4-32DDF27D184C}
		SccProjectUniqueName13 = ..\\..\\..\\Sprav\\Bars.KP50.CLI.Sprav\\Bars.KP50.CLI.Sprav.csproj
		SccProjectName13 = ../../../Sprav/Bars.KP50.CLI.Sprav
		SccAuxPath13 = http://tfs-app.bars-open.ru:8080/tfs/defaultcollection
		SccLocalPath13 = ..\\..\\..\\Sprav\\Bars.KP50.CLI.Sprav
		SccProvider13 = {4CA58AB2-18FA-4F8D-95D4-32DDF27D184C}
		SccProjectUniqueName14 = ..\\..\\..\\QUEUE\\Bars.KP50.Queue\\Bars.KP50.Queue.csproj
		SccProjectName14 = ../../../QUEUE/Bars.KP50.Queue
		SccAuxPath14 = http://tfs-app.bars-open.ru:8080/tfs/defaultcollection
		SccLocalPath14 = ..\\..\\..\\QUEUE\\Bars.KP50.Queue
		SccProvider14 = {4CA58AB2-18FA-4F8D-95D4-32DDF27D184C}
		SccProjectUniqueName15 = ..\\..\\..\\QUEUE\\Bars.QueueCore\\Bars.QueueCore.csproj
		SccProjectName15 = ../../../QUEUE/Bars.QueueCore
		SccAuxPath15 = http://tfs-app.bars-open.ru:8080/tfs/defaultcollection
		SccLocalPath15 = ..\\..\\..\\QUEUE\\Bars.QueueCore
		SccProvider15 = {4CA58AB2-18FA-4F8D-95D4-32DDF27D184C}
		SccProjectUniqueName16 = ..\\..\\..\\DATA\\CLASS\\GLOBALS\\STCLINE.KP50.Globals.csproj
		SccProjectName16 = ../../../DATA/CLASS/GLOBALS
		SccAuxPath16 = http://tfs-app.bars-open.ru:8080/tfs/defaultcollection
		SccLocalPath16 = ..\\..\\..\\DATA\\CLASS\\GLOBALS
		SccProvider16 = {4CA58AB2-18FA-4F8D-95D4-32DDF27D184C}
		SccProjectUniqueName17 = ..\\..\\..\\DATA\\IFMX\\Client\\STCLINE.KP50.IFMX.Client.csproj
		SccProjectName17 = ../../../DATA/IFMX/Client
		SccAuxPath17 = http://tfs-app.bars-open.ru:8080/tfs/defaultcollection
		SccLocalPath17 = ..\\..\\..\\DATA\\IFMX\\Client
		SccProvider17 = {4CA58AB2-18FA-4F8D-95D4-32DDF27D184C}
		SccProjectUniqueName18 = ..\\..\\..\\DATA\\IFMX\\Common\\STCLINE.KP50.IFMX.Common.csproj
		SccProjectName18 = ../../../DATA/IFMX/Common
		SccAuxPath18 = http://tfs-app.bars-open.ru:8080/tfs/defaultcollection
		SccLocalPath18 = ..\\..\\..\\DATA\\IFMX\\Common
		SccProvider18 = {4CA58AB2-18FA-4F8D-95D4-32DDF27D184C}
		SccProjectUniqueName19 = ..\\..\\..\\WCF\\CLIENT\\CliKart\\STCLINE.KP50.CliKart.csproj
		SccProjectName19 = ../../../WCF/CLIENT/CliKart
		SccAuxPath19 = http://tfs-app.bars-open.ru:8080/tfs/defaultcollection
		SccLocalPath19 = ..\\..\\..\\WCF\\CLIENT\\CliKart
		SccProvider19 = {4CA58AB2-18FA-4F8D-95D4-32DDF27D184C}
		SccProjectUniqueName20 = ..\\..\\..\\QUEUE\\Bars.RabbitMq\\Bars.RabbitMq.csproj
		SccProjectName20 = ../../../QUEUE/Bars.RabbitMq
		SccAuxPath20 = http://tfs-app.bars-open.ru:8080/tfs/defaultcollection
		SccLocalPath20 = ..\\..\\..\\QUEUE\\Bars.RabbitMq
		SccProvider20 = {4CA58AB2-18FA-4F8D-95D4-32DDF27D184C}
		SccProjectUniqueName21 = ..\\..\\Bars.KP50.CLI.Report\\Bars.KP50.CLI.Report.csproj
		SccProjectName21 = ../../Bars.KP50.CLI.Report
		SccAuxPath21 = http://tfs-app.bars-open.ru:8080/tfs/defaultcollection
		SccLocalPath21 = ..\\..\\Bars.KP50.CLI.Report
		SccProvider21 = {4CA58AB2-18FA-4F8D-95D4-32DDF27D184C}
		SccProjectUniqueName22 = ..\\..\\..\\Exchange\\Bars.KP50.CLI.Exchange\\Bars.KP50.CLI.Exchange.csproj
		SccProjectName22 = ../../../Exchange/Bars.KP50.CLI.Exchange
		SccAuxPath22 = http://tfs-app.bars-open.ru:8080/tfs/defaultcollection
		SccLocalPath22 = ..\\..\\..\\Exchange\\Bars.KP50.CLI.Exchange
		SccProvider22 = {4CA58AB2-18FA-4F8D-95D4-32DDF27D184C}
		SccProjectUniqueName23 = ..\\..\\..\\Supg\\Bars.KP50.CLI.Supg\\Bars.KP50.CLI.Supg.csproj
		SccProjectName23 = ../../../Supg/Bars.KP50.CLI.Supg
		SccAuxPath23 = http://tfs-app.bars-open.ru:8080/tfs/defaultcollection
		SccLocalPath23 = ..\\..\\..\\Supg\\Bars.KP50.CLI.Supg
		SccProvider23 = {4CA58AB2-18FA-4F8D-95D4-32DDF27D184C}
		SccProjectUniqueName24 = ..\\..\\..\\DataImport\\Bars.KP50.CLI.DataImport\\Bars.KP50.CLI.DataImport.csproj
		SccProjectName24 = ../../../DataImport/Bars.KP50.CLI.DataImport
		SccAuxPath24 = http://tfs-app.bars-open.ru:8080/tfs/defaultcollection
		SccLocalPath24 = ..\\..\\..\\DataImport\\Bars.KP50.CLI.DataImport
		SccProvider24 = {4CA58AB2-18FA-4F8D-95D4-32DDF27D184C}
		SccProjectUniqueName25 = ..\\..\\..\\Debitor\\Bars.KP50.CLI.Debitor\\Bars.KP50.CLI.Debitor.csproj
		SccProjectName25 = ../../../Debitor/Bars.KP50.CLI.Debitor
		SccAuxPath25 = http://tfs-app.bars-open.ru:8080/tfs/defaultcollection
		SccLocalPath25 = ..\\..\\..\\Debitor\\Bars.KP50.CLI.Debitor
		SccProvider25 = {4CA58AB2-18FA-4F8D-95D4-32DDF27D184C}
	EndGlobalSection
	GlobalSection(SolutionConfigurationPlatforms) = preSolution
		Debug PG|Any CPU = Debug PG|Any CPU
		Debug|Any CPU = Debug|Any CPU
		Release PG|Any CPU = Release PG|Any CPU
		Release|Any CPU = Release|Any CPU
	EndGlobalSection
	GlobalSection(ProjectConfigurationPlatforms) = postSolution
		{9932DA32-9B1B-4FB2-BD7F-8D457ADE13D7}.Debug PG|Any CPU.ActiveCfg = Debug PG|Any CPU
		{9932DA32-9B1B-4FB2-BD7F-8D457ADE13D7}.Debug PG|Any CPU.Build.0 = Debug PG|Any CPU
		{9932DA32-9B1B-4FB2-BD7F-8D457ADE13D7}.Debug|Any CPU.ActiveCfg = Debug|Any CPU
		{9932DA32-9B1B-4FB2-BD7F-8D457ADE13D7}.Debug|Any CPU.Build.0 = Debug|Any CPU
		{9932DA32-9B1B-4FB2-BD7F-8D457ADE13D7}.Release PG|Any CPU.ActiveCfg = Release PG|Any CPU
		{9932DA32-9B1B-4FB2-BD7F-8D457ADE13D7}.Release PG|Any CPU.Build.0 = Release PG|Any CPU
		{9932DA32-9B1B-4FB2-BD7F-8D457ADE13D7}.Release|Any CPU.ActiveCfg = Release|Any CPU
		{9932DA32-9B1B-4FB2-BD7F-8D457ADE13D7}.Release|Any CPU.Build.0 = Release|Any CPU
		{FA06E7AC-51C1-4127-BC12-DEB8019A333C}.Debug PG|Any CPU.ActiveCfg = Debug PG|Any CPU
		{FA06E7AC-51C1-4127-BC12-DEB8019A333C}.Debug PG|Any CPU.Build.0 = Debug PG|Any CPU
		{FA06E7AC-51C1-4127-BC12-DEB8019A333C}.Debug|Any CPU.ActiveCfg = Debug|Any CPU
		{FA06E7AC-51C1-4127-BC12-DEB8019A333C}.Debug|Any CPU.Build.0 = Debug|Any CPU
		{FA06E7AC-51C1-4127-BC12-DEB8019A333C}.Release PG|Any CPU.ActiveCfg = Release PG|Any CPU
		{FA06E7AC-51C1-4127-BC12-DEB8019A333C}.Release PG|Any CPU.Build.0 = Release PG|Any CPU
		{FA06E7AC-51C1-4127-BC12-DEB8019A333C}.Release|Any CPU.ActiveCfg = Release|Any CPU
		{FA06E7AC-51C1-4127-BC12-DEB8019A333C}.Release|Any CPU.Build.0 = Release|Any CPU
		{EDB50B07-D0B6-4186-8F3B-6FC42164E206}.Debug PG|Any CPU.ActiveCfg = Debug PG|Any CPU
		{EDB50B07-D0B6-4186-8F3B-6FC42164E206}.Debug PG|Any CPU.Build.0 = Debug PG|Any CPU
		{EDB50B07-D0B6-4186-8F3B-6FC42164E206}.Debug|Any CPU.ActiveCfg = Debug|Any CPU
		{EDB50B07-D0B6-4186-8F3B-6FC42164E206}.Debug|Any CPU.Build.0 = Debug|Any CPU
		{EDB50B07-D0B6-4186-8F3B-6FC42164E206}.Release PG|Any CPU.ActiveCfg = Release PG|Any CPU
		{EDB50B07-D0B6-4186-8F3B-6FC42164E206}.Release PG|Any CPU.Build.0 = Release PG|Any CPU
		{EDB50B07-D0B6-4186-8F3B-6FC42164E206}.Release|Any CPU.ActiveCfg = Release|Any CPU
		{EDB50B07-D0B6-4186-8F3B-6FC42164E206}.Release|Any CPU.Build.0 = Release|Any CPU
		{4ABA6E97-BBA1-4AD6-A9ED-B66C8E3E54F3}.Debug PG|Any CPU.ActiveCfg = Debug PG|Any CPU
		{4ABA6E97-BBA1-4AD6-A9ED-B66C8E3E54F3}.Debug PG|Any CPU.Build.0 = Debug PG|Any CPU
		{4ABA6E97-BBA1-4AD6-A9ED-B66C8E3E54F3}.Debug|Any CPU.ActiveCfg = Debug|Any CPU
		{4ABA6E97-BBA1-4AD6-A9ED-B66C8E3E54F3}.Debug|Any CPU.Build.0 = Debug|Any CPU
		{4ABA6E97-BBA1-4AD6-A9ED-B66C8E3E54F3}.Release PG|Any CPU.ActiveCfg = Release PG|Any CPU
		{4ABA6E97-BBA1-4AD6-A9ED-B66C8E3E54F3}.Release PG|Any CPU.Build.0 = Release PG|Any CPU
		{4ABA6E97-BBA1-4AD6-A9ED-B66C8E3E54F3}.Release|Any CPU.ActiveCfg = Release|Any CPU
		{4ABA6E97-BBA1-4AD6-A9ED-B66C8E3E54F3}.Release|Any CPU.Build.0 = Release|Any CPU
		{E8A9CD44-F53F-4913-9B53-63098A152231}.Debug PG|Any CPU.ActiveCfg = Debug PG|Any CPU
		{E8A9CD44-F53F-4913-9B53-63098A152231}.Debug PG|Any CPU.Build.0 = Debug PG|Any CPU
		{E8A9CD44-F53F-4913-9B53-63098A152231}.Debug|Any CPU.ActiveCfg = Debug|Any CPU
		{E8A9CD44-F53F-4913-9B53-63098A152231}.Debug|Any CPU.Build.0 = Debug|Any CPU
		{E8A9CD44-F53F-4913-9B53-63098A152231}.Release PG|Any CPU.ActiveCfg = Release PG|Any CPU
		{E8A9CD44-F53F-4913-9B53-63098A152231}.Release PG|Any CPU.Build.0 = Release PG|Any CPU
		{E8A9CD44-F53F-4913-9B53-63098A152231}.Release|Any CPU.ActiveCfg = Release|Any CPU
		{E8A9CD44-F53F-4913-9B53-63098A152231}.Release|Any CPU.Build.0 = Release|Any CPU
		{27007A9C-790C-4999-B912-6180E885509A}.Debug PG|Any CPU.ActiveCfg = Debug PG|Any CPU
		{27007A9C-790C-4999-B912-6180E885509A}.Debug PG|Any CPU.Build.0 = Debug PG|Any CPU
		{27007A9C-790C-4999-B912-6180E885509A}.Debug|Any CPU.ActiveCfg = Debug|Any CPU
		{27007A9C-790C-4999-B912-6180E885509A}.Debug|Any CPU.Build.0 = Debug|Any CPU
		{27007A9C-790C-4999-B912-6180E885509A}.Release PG|Any CPU.ActiveCfg = Release PG|Any CPU
		{27007A9C-790C-4999-B912-6180E885509A}.Release PG|Any CPU.Build.0 = Release PG|Any CPU
		{27007A9C-790C-4999-B912-6180E885509A}.Release|Any CPU.ActiveCfg = Release|Any CPU
		{27007A9C-790C-4999-B912-6180E885509A}.Release|Any CPU.Build.0 = Release|Any CPU
		{B46B2C7B-E1C0-4C01-B175-60900986E9E3}.Debug PG|Any CPU.ActiveCfg = Debug PG|Any CPU
		{B46B2C7B-E1C0-4C01-B175-60900986E9E3}.Debug PG|Any CPU.Build.0 = Debug PG|Any CPU
		{B46B2C7B-E1C0-4C01-B175-60900986E9E3}.Debug|Any CPU.ActiveCfg = Debug|Any CPU
		{B46B2C7B-E1C0-4C01-B175-60900986E9E3}.Debug|Any CPU.Build.0 = Debug|Any CPU
		{B46B2C7B-E1C0-4C01-B175-60900986E9E3}.Release PG|Any CPU.ActiveCfg = Release PG|Any CPU
		{B46B2C7B-E1C0-4C01-B175-60900986E9E3}.Release PG|Any CPU.Build.0 = Release PG|Any CPU
		{B46B2C7B-E1C0-4C01-B175-60900986E9E3}.Release|Any CPU.ActiveCfg = Release|Any CPU
		{B46B2C7B-E1C0-4C01-B175-60900986E9E3}.Release|Any CPU.Build.0 = Release|Any CPU
		{085D4230-7543-4842-A82E-5AAC0C5E9F45}.Debug PG|Any CPU.ActiveCfg = Debug PG|Any CPU
		{085D4230-7543-4842-A82E-5AAC0C5E9F45}.Debug PG|Any CPU.Build.0 = Debug PG|Any CPU
		{085D4230-7543-4842-A82E-5AAC0C5E9F45}.Debug|Any CPU.ActiveCfg = Debug|Any CPU
		{085D4230-7543-4842-A82E-5AAC0C5E9F45}.Debug|Any CPU.Build.0 = Debug|Any CPU
		{085D4230-7543-4842-A82E-5AAC0C5E9F45}.Release PG|Any CPU.ActiveCfg = Release PG|Any CPU
		{085D4230-7543-4842-A82E-5AAC0C5E9F45}.Release PG|Any CPU.Build.0 = Release PG|Any CPU
		{085D4230-7543-4842-A82E-5AAC0C5E9F45}.Release|Any CPU.ActiveCfg = Release|Any CPU
		{085D4230-7543-4842-A82E-5AAC0C5E9F45}.Release|Any CPU.Build.0 = Release|Any CPU
		{1216F2DB-B73E-4564-9FD0-C4F7EDCB96E2}.Debug PG|Any CPU.ActiveCfg = Debug PG|Any CPU
		{1216F2DB-B73E-4564-9FD0-C4F7EDCB96E2}.Debug PG|Any CPU.Build.0 = Debug PG|Any CPU
		{1216F2DB-B73E-4564-9FD0-C4F7EDCB96E2}.Debug|Any CPU.ActiveCfg = Debug|Any CPU
		{1216F2DB-B73E-4564-9FD0-C4F7EDCB96E2}.Debug|Any CPU.Build.0 = Debug|Any CPU
		{1216F2DB-B73E-4564-9FD0-C4F7EDCB96E2}.Release PG|Any CPU.ActiveCfg = Release PG|Any CPU
		{1216F2DB-B73E-4564-9FD0-C4F7EDCB96E2}.Release PG|Any CPU.Build.0 = Release PG|Any CPU
		{1216F2DB-B73E-4564-9FD0-C4F7EDCB96E2}.Release|Any CPU.ActiveCfg = Release|Any CPU
		{1216F2DB-B73E-4564-9FD0-C4F7EDCB96E2}.Release|Any CPU.Build.0 = Release|Any CPU
		{FB9E151A-ADDA-4981-BB26-A42F85C1DA67}.Debug PG|Any CPU.ActiveCfg = Debug PG|Any CPU
		{FB9E151A-ADDA-4981-BB26-A42F85C1DA67}.Debug PG|Any CPU.Build.0 = Debug PG|Any CPU
		{FB9E151A-ADDA-4981-BB26-A42F85C1DA67}.Debug|Any CPU.ActiveCfg = Debug|Any CPU
		{FB9E151A-ADDA-4981-BB26-A42F85C1DA67}.Debug|Any CPU.Build.0 = Debug|Any CPU
		{FB9E151A-ADDA-4981-BB26-A42F85C1DA67}.Release PG|Any CPU.ActiveCfg = Release PG|Any CPU
		{FB9E151A-ADDA-4981-BB26-A42F85C1DA67}.Release PG|Any CPU.Build.0 = Release PG|Any CPU
		{FB9E151A-ADDA-4981-BB26-A42F85C1DA67}.Release|Any CPU.ActiveCfg = Release|Any CPU
		{FB9E151A-ADDA-4981-BB26-A42F85C1DA67}.Release|Any CPU.Build.0 = Release|Any CPU
		{EE6F5A3B-8667-4FD3-8445-51B5EA6E4B57}.Debug PG|Any CPU.ActiveCfg = Debug PG|Any CPU
		{EE6F5A3B-8667-4FD3-8445-51B5EA6E4B57}.Debug PG|Any CPU.Build.0 = Debug PG|Any CPU
		{EE6F5A3B-8667-4FD3-8445-51B5EA6E4B57}.Debug|Any CPU.ActiveCfg = Debug|Any CPU
		{EE6F5A3B-8667-4FD3-8445-51B5EA6E4B57}.Debug|Any CPU.Build.0 = Debug|Any CPU
		{EE6F5A3B-8667-4FD3-8445-51B5EA6E4B57}.Release PG|Any CPU.ActiveCfg = Release PG|Any CPU
		{EE6F5A3B-8667-4FD3-8445-51B5EA6E4B57}.Release PG|Any CPU.Build.0 = Release PG|Any CPU
		{EE6F5A3B-8667-4FD3-8445-51B5EA6E4B57}.Release|Any CPU.ActiveCfg = Release|Any CPU
		{EE6F5A3B-8667-4FD3-8445-51B5EA6E4B57}.Release|Any CPU.Build.0 = Release|Any CPU
		{699FD7DC-5C99-4036-998E-A8B9AB62DBF3}.Debug PG|Any CPU.ActiveCfg = Debug PG|Any CPU
		{699FD7DC-5C99-4036-998E-A8B9AB62DBF3}.Debug PG|Any CPU.Build.0 = Debug PG|Any CPU
		{699FD7DC-5C99-4036-998E-A8B9AB62DBF3}.Debug|Any CPU.ActiveCfg = Debug|Any CPU
		{699FD7DC-5C99-4036-998E-A8B9AB62DBF3}.Debug|Any CPU.Build.0 = Debug|Any CPU
		{699FD7DC-5C99-4036-998E-A8B9AB62DBF3}.Release PG|Any CPU.ActiveCfg = Release PG|Any CPU
		{699FD7DC-5C99-4036-998E-A8B9AB62DBF3}.Release PG|Any CPU.Build.0 = Release PG|Any CPU
		{699FD7DC-5C99-4036-998E-A8B9AB62DBF3}.Release|Any CPU.ActiveCfg = Release|Any CPU
		{699FD7DC-5C99-4036-998E-A8B9AB62DBF3}.Release|Any CPU.Build.0 = Release|Any CPU
		{00370877-76CE-4C58-813D-6105B994EBAF}.Debug PG|Any CPU.ActiveCfg = Debug PG|Any CPU
		{00370877-76CE-4C58-813D-6105B994EBAF}.Debug PG|Any CPU.Build.0 = Debug PG|Any CPU
		{00370877-76CE-4C58-813D-6105B994EBAF}.Debug|Any CPU.ActiveCfg = Debug|Any CPU
		{00370877-76CE-4C58-813D-6105B994EBAF}.Debug|Any CPU.Build.0 = Debug|Any CPU
		{00370877-76CE-4C58-813D-6105B994EBAF}.Release PG|Any CPU.ActiveCfg = Release PG|Any CPU
		{00370877-76CE-4C58-813D-6105B994EBAF}.Release PG|Any CPU.Build.0 = Release PG|Any CPU
		{00370877-76CE-4C58-813D-6105B994EBAF}.Release|Any CPU.ActiveCfg = Release|Any CPU
		{00370877-76CE-4C58-813D-6105B994EBAF}.Release|Any CPU.Build.0 = Release|Any CPU
		{B96681F0-0674-4123-89C4-C88930B12E21}.Debug PG|Any CPU.ActiveCfg = Debug PG|Any CPU
		{B96681F0-0674-4123-89C4-C88930B12E21}.Debug PG|Any CPU.Build.0 = Debug PG|Any CPU
		{B96681F0-0674-4123-89C4-C88930B12E21}.Debug|Any CPU.ActiveCfg = Debug|Any CPU
		{B96681F0-0674-4123-89C4-C88930B12E21}.Debug|Any CPU.Build.0 = Debug|Any CPU
		{B96681F0-0674-4123-89C4-C88930B12E21}.Release PG|Any CPU.ActiveCfg = Release PG|Any CPU
		{B96681F0-0674-4123-89C4-C88930B12E21}.Release PG|Any CPU.Build.0 = Release PG|Any CPU
		{B96681F0-0674-4123-89C4-C88930B12E21}.Release|Any CPU.ActiveCfg = Release|Any CPU
		{B96681F0-0674-4123-89C4-C88930B12E21}.Release|Any CPU.Build.0 = Release|Any CPU
		{7BF53F1F-0A92-411E-BEE3-EE9B3EAD2890}.Debug PG|Any CPU.ActiveCfg = Debug PG|Any CPU
		{7BF53F1F-0A92-411E-BEE3-EE9B3EAD2890}.Debug PG|Any CPU.Build.0 = Debug PG|Any CPU
		{7BF53F1F-0A92-411E-BEE3-EE9B3EAD2890}.Debug|Any CPU.ActiveCfg = Debug|Any CPU
		{7BF53F1F-0A92-411E-BEE3-EE9B3EAD2890}.Debug|Any CPU.Build.0 = Debug|Any CPU
		{7BF53F1F-0A92-411E-BEE3-EE9B3EAD2890}.Release PG|Any CPU.ActiveCfg = Release PG|Any CPU
		{7BF53F1F-0A92-411E-BEE3-EE9B3EAD2890}.Release PG|Any CPU.Build.0 = Release PG|Any CPU
		{7BF53F1F-0A92-411E-BEE3-EE9B3EAD2890}.Release|Any CPU.ActiveCfg = Release|Any CPU
		{7BF53F1F-0A92-411E-BEE3-EE9B3EAD2890}.Release|Any CPU.Build.0 = Release|Any CPU
		{E7A6C85C-81E3-4CC0-A814-2CB94BCE6E23}.Debug PG|Any CPU.ActiveCfg = Debug|Any CPU
		{E7A6C85C-81E3-4CC0-A814-2CB94BCE6E23}.Debug PG|Any CPU.Build.0 = Debug|Any CPU
		{E7A6C85C-81E3-4CC0-A814-2CB94BCE6E23}.Debug|Any CPU.ActiveCfg = Debug|Any CPU
		{E7A6C85C-81E3-4CC0-A814-2CB94BCE6E23}.Debug|Any CPU.Build.0 = Debug|Any CPU
		{E7A6C85C-81E3-4CC0-A814-2CB94BCE6E23}.Release PG|Any CPU.ActiveCfg = Release|Any CPU
		{E7A6C85C-81E3-4CC0-A814-2CB94BCE6E23}.Release PG|Any CPU.Build.0 = Release|Any CPU
		{E7A6C85C-81E3-4CC0-A814-2CB94BCE6E23}.Release|Any CPU.ActiveCfg = Release|Any CPU
		{E7A6C85C-81E3-4CC0-A814-2CB94BCE6E23}.Release|Any CPU.Build.0 = Release|Any CPU
		{A09E0051-6B16-42B5-9840-8CB60B0729C7}.Debug PG|Any CPU.ActiveCfg = Debug PG|Any CPU
		{A09E0051-6B16-42B5-9840-8CB60B0729C7}.Debug PG|Any CPU.Build.0 = Debug PG|Any CPU
		{A09E0051-6B16-42B5-9840-8CB60B0729C7}.Debug|Any CPU.ActiveCfg = Debug|Any CPU
		{A09E0051-6B16-42B5-9840-8CB60B0729C7}.Debug|Any CPU.Build.0 = Debug|Any CPU
		{A09E0051-6B16-42B5-9840-8CB60B0729C7}.Release PG|Any CPU.ActiveCfg = Release PG|Any CPU
		{A09E0051-6B16-42B5-9840-8CB60B0729C7}.Release PG|Any CPU.Build.0 = Release PG|Any CPU
		{A09E0051-6B16-42B5-9840-8CB60B0729C7}.Release|Any CPU.ActiveCfg = Release|Any CPU
		{A09E0051-6B16-42B5-9840-8CB60B0729C7}.Release|Any CPU.Build.0 = Release|Any CPU
		{2AB80CEA-D131-4E93-9B35-8F86DD474080}.Debug PG|Any CPU.ActiveCfg = Debug PG|Any CPU
		{2AB80CEA-D131-4E93-9B35-8F86DD474080}.Debug PG|Any CPU.Build.0 = Debug PG|Any CPU
		{2AB80CEA-D131-4E93-9B35-8F86DD474080}.Debug|Any CPU.ActiveCfg = Debug|Any CPU
		{2AB80CEA-D131-4E93-9B35-8F86DD474080}.Debug|Any CPU.Build.0 = Debug|Any CPU
		{2AB80CEA-D131-4E93-9B35-8F86DD474080}.Release PG|Any CPU.ActiveCfg = Release PG|Any CPU
		{2AB80CEA-D131-4E93-9B35-8F86DD474080}.Release PG|Any CPU.Build.0 = Release PG|Any CPU
		{2AB80CEA-D131-4E93-9B35-8F86DD474080}.Release|Any CPU.ActiveCfg = Release|Any CPU
		{2AB80CEA-D131-4E93-9B35-8F86DD474080}.Release|Any CPU.Build.0 = Release|Any CPU
		{13FAA6D8-DA11-4392-BAD2-C1640C172E01}.Debug PG|Any CPU.ActiveCfg = Debug PG|Any CPU
		{13FAA6D8-DA11-4392-BAD2-C1640C172E01}.Debug PG|Any CPU.Build.0 = Debug PG|Any CPU
		{13FAA6D8-DA11-4392-BAD2-C1640C172E01}.Debug|Any CPU.ActiveCfg = Debug|Any CPU
		{13FAA6D8-DA11-4392-BAD2-C1640C172E01}.Debug|Any CPU.Build.0 = Debug|Any CPU
		{13FAA6D8-DA11-4392-BAD2-C1640C172E01}.Release PG|Any CPU.ActiveCfg = Release PG|Any CPU
		{13FAA6D8-DA11-4392-BAD2-C1640C172E01}.Release PG|Any CPU.Build.0 = Release PG|Any CPU
		{13FAA6D8-DA11-4392-BAD2-C1640C172E01}.Release|Any CPU.ActiveCfg = Release|Any CPU
		{13FAA6D8-DA11-4392-BAD2-C1640C172E01}.Release|Any CPU.Build.0 = Release|Any CPU
		{BB38A0BD-A169-4BD5-8756-7F8682F235D8}.Debug PG|Any CPU.ActiveCfg = Debug PG|Any CPU
		{BB38A0BD-A169-4BD5-8756-7F8682F235D8}.Debug PG|Any CPU.Build.0 = Debug PG|Any CPU
		{BB38A0BD-A169-4BD5-8756-7F8682F235D8}.Debug|Any CPU.ActiveCfg = Debug|Any CPU
		{BB38A0BD-A169-4BD5-8756-7F8682F235D8}.Debug|Any CPU.Build.0 = Debug|Any CPU
		{BB38A0BD-A169-4BD5-8756-7F8682F235D8}.Release PG|Any CPU.ActiveCfg = Release PG|Any CPU
		{BB38A0BD-A169-4BD5-8756-7F8682F235D8}.Release PG|Any CPU.Build.0 = Release PG|Any CPU
		{BB38A0BD-A169-4BD5-8756-7F8682F235D8}.Release|Any CPU.ActiveCfg = Release|Any CPU
		{BB38A0BD-A169-4BD5-8756-7F8682F235D8}.Release|Any CPU.Build.0 = Release|Any CPU
		{E4DF45A1-B371-4012-B305-802192E227EF}.Debug PG|Any CPU.ActiveCfg = Debug|Any CPU
		{E4DF45A1-B371-4012-B305-802192E227EF}.Debug PG|Any CPU.Build.0 = Debug|Any CPU
		{E4DF45A1-B371-4012-B305-802192E227EF}.Debug|Any CPU.ActiveCfg = Debug|Any CPU
		{E4DF45A1-B371-4012-B305-802192E227EF}.Debug|Any CPU.Build.0 = Debug|Any CPU
		{E4DF45A1-B371-4012-B305-802192E227EF}.Release PG|Any CPU.ActiveCfg = Release|Any CPU
		{E4DF45A1-B371-4012-B305-802192E227EF}.Release PG|Any CPU.Build.0 = Release|Any CPU
		{E4DF45A1-B371-4012-B305-802192E227EF}.Release|Any CPU.ActiveCfg = Release|Any CPU
		{E4DF45A1-B371-4012-B305-802192E227EF}.Release|Any CPU.Build.0 = Release|Any CPU
		{D79794EE-CFAA-4103-81B0-AB2FA8C16DFD}.Debug PG|Any CPU.ActiveCfg = Debug PG|Any CPU
		{D79794EE-CFAA-4103-81B0-AB2FA8C16DFD}.Debug PG|Any CPU.Build.0 = Debug PG|Any CPU
		{D79794EE-CFAA-4103-81B0-AB2FA8C16DFD}.Debug|Any CPU.ActiveCfg = Debug|Any CPU
		{D79794EE-CFAA-4103-81B0-AB2FA8C16DFD}.Debug|Any CPU.Build.0 = Debug|Any CPU
		{D79794EE-CFAA-4103-81B0-AB2FA8C16DFD}.Release PG|Any CPU.ActiveCfg = Release PG|Any CPU
		{D79794EE-CFAA-4103-81B0-AB2FA8C16DFD}.Release PG|Any CPU.Build.0 = Release PG|Any CPU
		{D79794EE-CFAA-4103-81B0-AB2FA8C16DFD}.Release|Any CPU.ActiveCfg = Release|Any CPU
		{D79794EE-CFAA-4103-81B0-AB2FA8C16DFD}.Release|Any CPU.Build.0 = Release|Any CPU
		{F7A19A4D-9532-4792-BFA3-465A902B337E}.Debug PG|Any CPU.ActiveCfg = Debug PG|Any CPU
		{F7A19A4D-9532-4792-BFA3-465A902B337E}.Debug PG|Any CPU.Build.0 = Debug PG|Any CPU
		{F7A19A4D-9532-4792-BFA3-465A902B337E}.Debug|Any CPU.ActiveCfg = Debug|Any CPU
		{F7A19A4D-9532-4792-BFA3-465A902B337E}.Debug|Any CPU.Build.0 = Debug|Any CPU
		{F7A19A4D-9532-4792-BFA3-465A902B337E}.Release PG|Any CPU.ActiveCfg = Release PG|Any CPU
		{F7A19A4D-9532-4792-BFA3-465A902B337E}.Release PG|Any CPU.Build.0 = Release PG|Any CPU
		{F7A19A4D-9532-4792-BFA3-465A902B337E}.Release|Any CPU.ActiveCfg = Release|Any CPU
		{F7A19A4D-9532-4792-BFA3-465A902B337E}.Release|Any CPU.Build.0 = Release|Any CPU
		{A2A78C22-9249-46D7-915C-251A71594269}.Debug PG|Any CPU.ActiveCfg = Debug PG|Any CPU
		{A2A78C22-9249-46D7-915C-251A71594269}.Debug PG|Any CPU.Build.0 = Debug PG|Any CPU
		{A2A78C22-9249-46D7-915C-251A71594269}.Debug|Any CPU.ActiveCfg = Debug|Any CPU
		{A2A78C22-9249-46D7-915C-251A71594269}.Debug|Any CPU.Build.0 = Debug|Any CPU
		{A2A78C22-9249-46D7-915C-251A71594269}.Release PG|Any CPU.ActiveCfg = Release PG|Any CPU
		{A2A78C22-9249-46D7-915C-251A71594269}.Release PG|Any CPU.Build.0 = Release PG|Any CPU
		{A2A78C22-9249-46D7-915C-251A71594269}.Release|Any CPU.ActiveCfg = Release|Any CPU
		{A2A78C22-9249-46D7-915C-251A71594269}.Release|Any CPU.Build.0 = Release|Any CPU
		{19F9E4B8-B08F-4951-B4B2-8B28A92F3480}.Debug PG|Any CPU.ActiveCfg = Debug PG|Any CPU
		{19F9E4B8-B08F-4951-B4B2-8B28A92F3480}.Debug PG|Any CPU.Build.0 = Debug PG|Any CPU
		{19F9E4B8-B08F-4951-B4B2-8B28A92F3480}.Debug|Any CPU.ActiveCfg = Debug|Any CPU
		{19F9E4B8-B08F-4951-B4B2-8B28A92F3480}.Debug|Any CPU.Build.0 = Debug|Any CPU
		{19F9E4B8-B08F-4951-B4B2-8B28A92F3480}.Release PG|Any CPU.ActiveCfg = Release PG|Any CPU
		{19F9E4B8-B08F-4951-B4B2-8B28A92F3480}.Release PG|Any CPU.Build.0 = Release PG|Any CPU
		{19F9E4B8-B08F-4951-B4B2-8B28A92F3480}.Release|Any CPU.ActiveCfg = Release|Any CPU
		{19F9E4B8-B08F-4951-B4B2-8B28A92F3480}.Release|Any CPU.Build.0 = Release|Any CPU
		{2BFBABE7-467C-4F78-BEDA-5975CD27AB5B}.Debug PG|Any CPU.ActiveCfg = Debug PG|Any CPU
		{2BFBABE7-467C-4F78-BEDA-5975CD27AB5B}.Debug PG|Any CPU.Build.0 = Debug PG|Any CPU
		{2BFBABE7-467C-4F78-BEDA-5975CD27AB5B}.Debug|Any CPU.ActiveCfg = Debug|Any CPU
		{2BFBABE7-467C-4F78-BEDA-5975CD27AB5B}.Debug|Any CPU.Build.0 = Debug|Any CPU
		{2BFBABE7-467C-4F78-BEDA-5975CD27AB5B}.Release PG|Any CPU.ActiveCfg = Release PG|Any CPU
		{2BFBABE7-467C-4F78-BEDA-5975CD27AB5B}.Release PG|Any CPU.Build.0 = Release PG|Any CPU
		{2BFBABE7-467C-4F78-BEDA-5975CD27AB5B}.Release|Any CPU.ActiveCfg = Release|Any CPU
		{2BFBABE7-467C-4F78-BEDA-5975CD27AB5B}.Release|Any CPU.Build.0 = Release|Any CPU
		{3885E9B4-3D9D-4BAF-81F2-300A94EE453D}.Debug PG|Any CPU.ActiveCfg = Debug PG|Any CPU
		{3885E9B4-3D9D-4BAF-81F2-300A94EE453D}.Debug PG|Any CPU.Build.0 = Debug PG|Any CPU
		{3885E9B4-3D9D-4BAF-81F2-300A94EE453D}.Debug|Any CPU.ActiveCfg = Debug|Any CPU
		{3885E9B4-3D9D-4BAF-81F2-300A94EE453D}.Debug|Any CPU.Build.0 = Debug|Any CPU
		{3885E9B4-3D9D-4BAF-81F2-300A94EE453D}.Release PG|Any CPU.ActiveCfg = Release PG|Any CPU
		{3885E9B4-3D9D-4BAF-81F2-300A94EE453D}.Release PG|Any CPU.Build.0 = Release PG|Any CPU
		{3885E9B4-3D9D-4BAF-81F2-300A94EE453D}.Release|Any CPU.ActiveCfg = Release|Any CPU
		{3885E9B4-3D9D-4BAF-81F2-300A94EE453D}.Release|Any CPU.Build.0 = Release|Any CPU
	EndGlobalSection
	GlobalSection(SolutionProperties) = preSolution
		HideSolutionNode = FALSE
	EndGlobalSection
EndGlobal
