
Microsoft Visual Studio Solution File, Format Version 12.00
# Visual Studio 2013
VisualStudioVersion = 12.0.21005.1
MinimumVisualStudioVersion = 10.0.40219.1
Project("{FAE04EC0-301F-11D3-BF4B-00C04F79EFBC}") = "Loader", "Loader\Loader.csproj", "{1EF2F1FC-CFBC-448F-800C-CF3FF5375496}"
EndProject
Project("{FAE04EC0-301F-11D3-BF4B-00C04F79EFBC}") = "FormatForm", "FormatForm\FormatForm.csproj", "{CE639A75-F34B-4A3D-A7EC-E4449CFC160C}"
EndProject
Project("{FAE04EC0-301F-11D3-BF4B-00C04F79EFBC}") = "TestLoader", "TestLoader\TestLoader.csproj", "{B4423B7A-A3F0-4AB9-B61F-75CBF1261165}"
EndProject
Global
	GlobalSection(SolutionConfigurationPlatforms) = preSolution
		Debug|Any CPU = Debug|Any CPU
		Release|Any CPU = Release|Any CPU
	EndGlobalSection
	GlobalSection(ProjectConfigurationPlatforms) = postSolution
		{1EF2F1FC-CFBC-448F-800C-CF3FF5375496}.Debug|Any CPU.ActiveCfg = Debug|Any CPU
		{1EF2F1FC-CFBC-448F-800C-CF3FF5375496}.Debug|Any CPU.Build.0 = Debug|Any CPU
		{1EF2F1FC-CFBC-448F-800C-CF3FF5375496}.Release|Any CPU.ActiveCfg = Release|Any CPU
		{1EF2F1FC-CFBC-448F-800C-CF3FF5375496}.Release|Any CPU.Build.0 = Release|Any CPU
		{CE639A75-F34B-4A3D-A7EC-E4449CFC160C}.Debug|Any CPU.ActiveCfg = Debug|Any CPU
		{CE639A75-F34B-4A3D-A7EC-E4449CFC160C}.Debug|Any CPU.Build.0 = Debug|Any CPU
		{CE639A75-F34B-4A3D-A7EC-E4449CFC160C}.Release|Any CPU.ActiveCfg = Release|Any CPU
		{CE639A75-F34B-4A3D-A7EC-E4449CFC160C}.Release|Any CPU.Build.0 = Release|Any CPU
		{B4423B7A-A3F0-4AB9-B61F-75CBF1261165}.Debug|Any CPU.ActiveCfg = Debug|Any CPU
		{B4423B7A-A3F0-4AB9-B61F-75CBF1261165}.Debug|Any CPU.Build.0 = Debug|Any CPU
		{B4423B7A-A3F0-4AB9-B61F-75CBF1261165}.Release|Any CPU.ActiveCfg = Release|Any CPU
		{B4423B7A-A3F0-4AB9-B61F-75CBF1261165}.Release|Any CPU.Build.0 = Release|Any CPU
	EndGlobalSection
	GlobalSection(SolutionProperties) = preSolution
		HideSolutionNode = FALSE
	EndGlobalSection
EndGlobal
